
Microsoft Visual Studio Solution File, Format Version 12.00
# Visual Studio Version 17
VisualStudioVersion = 17.5.33530.505
MinimumVisualStudioVersion = 10.0.40219.1
Project("{FAE04EC0-301F-11D3-BF4B-00C04F79EFBC}") = "RV2R_RutsStuff", "RV2R_RutsStuff.csproj", "{D753B0D1-4C91-4D16-8E84-BA23A1B4F971}"
EndProject
Global
	GlobalSection(SolutionConfigurationPlatforms) = preSolution
		base|Any CPU = base|Any CPU
		Debug|Any CPU = Debug|Any CPU
		Release|Any CPU = Release|Any CPU
		v1_4|Any CPU = v1_4|Any CPU
		v1_5|Any CPU = v1_5|Any CPU
	EndGlobalSection
	GlobalSection(ProjectConfigurationPlatforms) = postSolution
		{D753B0D1-4C91-4D16-8E84-BA23A1B4F971}.base|Any CPU.ActiveCfg = base|Any CPU
		{D753B0D1-4C91-4D16-8E84-BA23A1B4F971}.base|Any CPU.Build.0 = base|Any CPU
		{D753B0D1-4C91-4D16-8E84-BA23A1B4F971}.Debug|Any CPU.ActiveCfg = Debug|Any CPU
		{D753B0D1-4C91-4D16-8E84-BA23A1B4F971}.Debug|Any CPU.Build.0 = Debug|Any CPU
		{D753B0D1-4C91-4D16-8E84-BA23A1B4F971}.Release|Any CPU.ActiveCfg = Release|Any CPU
		{D753B0D1-4C91-4D16-8E84-BA23A1B4F971}.Release|Any CPU.Build.0 = Release|Any CPU
		{D753B0D1-4C91-4D16-8E84-BA23A1B4F971}.v1_4|Any CPU.ActiveCfg = v1_4|Any CPU
		{D753B0D1-4C91-4D16-8E84-BA23A1B4F971}.v1_4|Any CPU.Build.0 = v1_4|Any CPU
		{D753B0D1-4C91-4D16-8E84-BA23A1B4F971}.v1_5|Any CPU.ActiveCfg = v1_5|Any CPU
		{D753B0D1-4C91-4D16-8E84-BA23A1B4F971}.v1_5|Any CPU.Build.0 = v1_5|Any CPU
	EndGlobalSection
	GlobalSection(SolutionProperties) = preSolution
		HideSolutionNode = FALSE
	EndGlobalSection
	GlobalSection(ExtensibilityGlobals) = postSolution
		SolutionGuid = {267C330E-FB37-4A29-996B-51A367B7D754}
	EndGlobalSection
EndGlobal
